
Microsoft Visual Studio Solution File, Format Version 12.00
Project("{FAE04EC0-301F-11D3-BF4B-00C04F79EFBC}") = "PetCargoProgram", "PetCargoProgram\PetCargoProgram.csproj", "{F653588A-99D3-4B03-A55B-71E5B2141302}"
EndProject
Project("{2150E333-8FDC-42A3-9474-1A3956D46DE8}") = "Others", "Others", "{F441499E-3ABC-4957-A95C-66E6310CF3C5}"
	ProjectSection(SolutionItems) = preProject
		.gitignore = .gitignore
		.editorconfig = .editorconfig
	EndProjectSection
EndProject
Project("{2150E333-8FDC-42A3-9474-1A3956D46DE8}") = "Models", "Models", "{60CDEC2B-CD57-4D4D-9CD4-FA0736DD7DFA}"
EndProject
Project("{2150E333-8FDC-42A3-9474-1A3956D46DE8}") = "Services", "Services", "{6C432C33-72A6-4732-BC50-3C796FA86148}"
EndProject
Project("{FAE04EC0-301F-11D3-BF4B-00C04F79EFBC}") = "Models.CargoTables", "Models.CargoTables\Models.CargoTables.csproj", "{893E9536-A567-49EF-8908-A5A46BF53F29}"
EndProject
Project("{2150E333-8FDC-42A3-9474-1A3956D46DE8}") = "DataAccess", "DataAccess", "{3B3C0277-E271-472E-B7DB-99401937B6CF}"
EndProject
Project("{FAE04EC0-301F-11D3-BF4B-00C04F79EFBC}") = "DataAccess.CargoTables", "DataAccess.CargoTables\DataAccess.CargoTables.csproj", "{D56E9DF7-8043-4679-9A57-37576E468A48}"
EndProject
Project("{FAE04EC0-301F-11D3-BF4B-00C04F79EFBC}") = "Services.CargoTables", "Services.CargoTables\Services.CargoTables.csproj", "{D235BF7B-AA2B-4444-A39A-91060598029B}"
EndProject
Project("{FAE04EC0-301F-11D3-BF4B-00C04F79EFBC}") = "Models.LoadingCondition", "Models.LoadingCondition\Models.LoadingCondition.csproj", "{5FF35274-B42A-4CFD-814A-55C12B814F3D}"
EndProject
Project("{FAE04EC0-301F-11D3-BF4B-00C04F79EFBC}") = "Models.Tanks", "Models.Tanks\Models.Tanks.csproj", "{D395D0A2-7C1E-4B30-8444-F631E025C6AF}"
EndProject
Project("{FAE04EC0-301F-11D3-BF4B-00C04F79EFBC}") = "Services.LoadingCondition", "Services.LoadingCondition\Services.LoadingCondition.csproj", "{C3F28F22-3EA5-448E-8A1B-6FA626D1557E}"
EndProject
Project("{FAE04EC0-301F-11D3-BF4B-00C04F79EFBC}") = "Models.ShipCondition", "Models.ShipCondition\Models.ShipCondition.csproj", "{D42C85B3-1237-4D02-A4EE-51DDFF74EEC2}"
EndProject
Project("{FAE04EC0-301F-11D3-BF4B-00C04F79EFBC}") = "Services.CargoTank", "Services.CargoTank\Services.CargoTank.csproj", "{EB2925E0-B136-4C65-98C7-5AD0E255E541}"
EndProject
Project("{2150E333-8FDC-42A3-9474-1A3956D46DE8}") = "Tests", "Tests", "{E05D6E0D-3FFA-47DC-9701-3541C7C61EAB}"
EndProject
Project("{FAE04EC0-301F-11D3-BF4B-00C04F79EFBC}") = "Test.VolumeService", "Test.VolumeService\Test.VolumeService.csproj", "{FCE8E196-FACF-4CD1-AB3F-62B2A1D4A7D3}"
EndProject
Project("{FAE04EC0-301F-11D3-BF4B-00C04F79EFBC}") = "Test.CargoTankUllageTrimService", "Test.CargoTankUllageTrimService\Test.CargoTankUllageTrimService.csproj", "{9BB5D1EF-9259-44F9-B73E-501BC2133B69}"
EndProject
Global
	GlobalSection(SolutionConfigurationPlatforms) = preSolution
		Debug|Any CPU = Debug|Any CPU
		Release|Any CPU = Release|Any CPU
	EndGlobalSection
	GlobalSection(ProjectConfigurationPlatforms) = postSolution
		{F653588A-99D3-4B03-A55B-71E5B2141302}.Debug|Any CPU.ActiveCfg = Debug|Any CPU
		{F653588A-99D3-4B03-A55B-71E5B2141302}.Debug|Any CPU.Build.0 = Debug|Any CPU
		{F653588A-99D3-4B03-A55B-71E5B2141302}.Release|Any CPU.ActiveCfg = Release|Any CPU
		{F653588A-99D3-4B03-A55B-71E5B2141302}.Release|Any CPU.Build.0 = Release|Any CPU
		{893E9536-A567-49EF-8908-A5A46BF53F29}.Debug|Any CPU.ActiveCfg = Debug|Any CPU
		{893E9536-A567-49EF-8908-A5A46BF53F29}.Debug|Any CPU.Build.0 = Debug|Any CPU
		{893E9536-A567-49EF-8908-A5A46BF53F29}.Release|Any CPU.ActiveCfg = Release|Any CPU
		{893E9536-A567-49EF-8908-A5A46BF53F29}.Release|Any CPU.Build.0 = Release|Any CPU
		{D56E9DF7-8043-4679-9A57-37576E468A48}.Debug|Any CPU.ActiveCfg = Debug|Any CPU
		{D56E9DF7-8043-4679-9A57-37576E468A48}.Debug|Any CPU.Build.0 = Debug|Any CPU
		{D56E9DF7-8043-4679-9A57-37576E468A48}.Release|Any CPU.ActiveCfg = Release|Any CPU
		{D56E9DF7-8043-4679-9A57-37576E468A48}.Release|Any CPU.Build.0 = Release|Any CPU
		{D235BF7B-AA2B-4444-A39A-91060598029B}.Debug|Any CPU.ActiveCfg = Debug|Any CPU
		{D235BF7B-AA2B-4444-A39A-91060598029B}.Debug|Any CPU.Build.0 = Debug|Any CPU
		{D235BF7B-AA2B-4444-A39A-91060598029B}.Release|Any CPU.ActiveCfg = Release|Any CPU
		{D235BF7B-AA2B-4444-A39A-91060598029B}.Release|Any CPU.Build.0 = Release|Any CPU
		{5FF35274-B42A-4CFD-814A-55C12B814F3D}.Debug|Any CPU.ActiveCfg = Debug|Any CPU
		{5FF35274-B42A-4CFD-814A-55C12B814F3D}.Debug|Any CPU.Build.0 = Debug|Any CPU
		{5FF35274-B42A-4CFD-814A-55C12B814F3D}.Release|Any CPU.ActiveCfg = Release|Any CPU
		{5FF35274-B42A-4CFD-814A-55C12B814F3D}.Release|Any CPU.Build.0 = Release|Any CPU
		{D395D0A2-7C1E-4B30-8444-F631E025C6AF}.Debug|Any CPU.ActiveCfg = Debug|Any CPU
		{D395D0A2-7C1E-4B30-8444-F631E025C6AF}.Debug|Any CPU.Build.0 = Debug|Any CPU
		{D395D0A2-7C1E-4B30-8444-F631E025C6AF}.Release|Any CPU.ActiveCfg = Release|Any CPU
		{D395D0A2-7C1E-4B30-8444-F631E025C6AF}.Release|Any CPU.Build.0 = Release|Any CPU
		{C3F28F22-3EA5-448E-8A1B-6FA626D1557E}.Debug|Any CPU.ActiveCfg = Debug|Any CPU
		{C3F28F22-3EA5-448E-8A1B-6FA626D1557E}.Debug|Any CPU.Build.0 = Debug|Any CPU
		{C3F28F22-3EA5-448E-8A1B-6FA626D1557E}.Release|Any CPU.ActiveCfg = Release|Any CPU
		{C3F28F22-3EA5-448E-8A1B-6FA626D1557E}.Release|Any CPU.Build.0 = Release|Any CPU
		{D42C85B3-1237-4D02-A4EE-51DDFF74EEC2}.Debug|Any CPU.ActiveCfg = Debug|Any CPU
		{D42C85B3-1237-4D02-A4EE-51DDFF74EEC2}.Debug|Any CPU.Build.0 = Debug|Any CPU
		{D42C85B3-1237-4D02-A4EE-51DDFF74EEC2}.Release|Any CPU.ActiveCfg = Release|Any CPU
		{D42C85B3-1237-4D02-A4EE-51DDFF74EEC2}.Release|Any CPU.Build.0 = Release|Any CPU
		{EB2925E0-B136-4C65-98C7-5AD0E255E541}.Debug|Any CPU.ActiveCfg = Debug|Any CPU
		{EB2925E0-B136-4C65-98C7-5AD0E255E541}.Debug|Any CPU.Build.0 = Debug|Any CPU
		{EB2925E0-B136-4C65-98C7-5AD0E255E541}.Release|Any CPU.ActiveCfg = Release|Any CPU
		{EB2925E0-B136-4C65-98C7-5AD0E255E541}.Release|Any CPU.Build.0 = Release|Any CPU
		{FCE8E196-FACF-4CD1-AB3F-62B2A1D4A7D3}.Debug|Any CPU.ActiveCfg = Debug|Any CPU
		{FCE8E196-FACF-4CD1-AB3F-62B2A1D4A7D3}.Debug|Any CPU.Build.0 = Debug|Any CPU
		{FCE8E196-FACF-4CD1-AB3F-62B2A1D4A7D3}.Release|Any CPU.ActiveCfg = Release|Any CPU
		{FCE8E196-FACF-4CD1-AB3F-62B2A1D4A7D3}.Release|Any CPU.Build.0 = Release|Any CPU
		{9BB5D1EF-9259-44F9-B73E-501BC2133B69}.Debug|Any CPU.ActiveCfg = Debug|Any CPU
		{9BB5D1EF-9259-44F9-B73E-501BC2133B69}.Debug|Any CPU.Build.0 = Debug|Any CPU
		{9BB5D1EF-9259-44F9-B73E-501BC2133B69}.Release|Any CPU.ActiveCfg = Release|Any CPU
		{9BB5D1EF-9259-44F9-B73E-501BC2133B69}.Release|Any CPU.Build.0 = Release|Any CPU
	EndGlobalSection
	GlobalSection(NestedProjects) = preSolution
		{D56E9DF7-8043-4679-9A57-37576E468A48} = {3B3C0277-E271-472E-B7DB-99401937B6CF}
		{D235BF7B-AA2B-4444-A39A-91060598029B} = {6C432C33-72A6-4732-BC50-3C796FA86148}
		{893E9536-A567-49EF-8908-A5A46BF53F29} = {60CDEC2B-CD57-4D4D-9CD4-FA0736DD7DFA}
		{5FF35274-B42A-4CFD-814A-55C12B814F3D} = {60CDEC2B-CD57-4D4D-9CD4-FA0736DD7DFA}
		{D395D0A2-7C1E-4B30-8444-F631E025C6AF} = {60CDEC2B-CD57-4D4D-9CD4-FA0736DD7DFA}
		{C3F28F22-3EA5-448E-8A1B-6FA626D1557E} = {6C432C33-72A6-4732-BC50-3C796FA86148}
		{D42C85B3-1237-4D02-A4EE-51DDFF74EEC2} = {60CDEC2B-CD57-4D4D-9CD4-FA0736DD7DFA}
		{EB2925E0-B136-4C65-98C7-5AD0E255E541} = {6C432C33-72A6-4732-BC50-3C796FA86148}
		{E05D6E0D-3FFA-47DC-9701-3541C7C61EAB} = {6C432C33-72A6-4732-BC50-3C796FA86148}
		{FCE8E196-FACF-4CD1-AB3F-62B2A1D4A7D3} = {E05D6E0D-3FFA-47DC-9701-3541C7C61EAB}
		{9BB5D1EF-9259-44F9-B73E-501BC2133B69} = {E05D6E0D-3FFA-47DC-9701-3541C7C61EAB}
	EndGlobalSection
EndGlobal
